{
  "name": "dool-bot-simulation",
  "version": "1.0.0",
  "lockfileVersion": 3,
  "requires": true,
  "packages": {
    "": {
      "name": "dool-bot-simulation",
      "version": "1.0.0",
      "dependencies": {
        "@dool/logic": "file:vendor/dool-logic",
        "@firtoska/cards": "file:vendor/firtoska-cards",
        "@firtoska/logic": "file:vendor/firtoska-logic"
      }
    },
    "node_modules/@dool/logic": {
      "resolved": "vendor/dool-logic",
      "link": true
    },
    "node_modules/@firtoska/cards": {
      "resolved": "vendor/firtoska-cards",
      "link": true
    },
    "node_modules/@firtoska/logic": {
      "resolved": "vendor/firtoska-logic",
      "link": true
    },
    "node_modules/bridge-scorer": {
      "version": "2.4.0",
      "resolved": "https://registry.npmjs.org/bridge-scorer/-/bridge-scorer-2.4.0.tgz",
      "integrity": "sha512-f5H48X+8QDhNfdxmtJVFmUZilH8Cz8tCfMEbLUjflCigoI3JWtwefx3yqg0M/Atrt49J22lex6gGW47utkETxQ==",
      "license": "MIT"
    },
    "node_modules/crypto-shuffle": {
      "version": "1.0.1",
      "resolved": "https://registry.npmjs.org/crypto-shuffle/-/crypto-shuffle-1.0.1.tgz",
      "integrity": "sha512-dO6Zf2KbIjcfDGzVt+IvZnJThS/Rs0NAm9DqcuE8PdpUstEjy/DEMiHFW1a/WkfcNLqpI1543AcaCFOIyphqWw==",
      "license": "MIT",
      "dependencies": {
        "get-random-values": "^1.2.0"
      }
    },
    "node_modules/dom-walk": {
      "version": "0.1.2",
      "resolved": "https://registry.npmjs.org/dom-walk/-/dom-walk-0.1.2.tgz",
      "integrity": "sha512-6QvTW9mrGeIegrFXdtQi9pk7O/nSK6lSdXW2eqUspN5LWD7UTji2Fqw5V2YLjBpHEoU9Xl/eUWNpDeZvoyOv2w=="
    },
    "node_modules/get-random-values": {
      "version": "1.2.2",
      "resolved": "https://registry.npmjs.org/get-random-values/-/get-random-values-1.2.2.tgz",
      "integrity": "sha512-lMyPjQyl0cNNdDf2oR+IQ/fM3itDvpoHy45Ymo2r0L1EjazeSl13SfbKZs7KtZ/3MDCeueiaJiuOEfKqRTsSgA==",
      "license": "MIT",
      "dependencies": {
        "global": "^4.4.0"
      },
      "engines": {
        "node": "10 || 12 || >=14"
      }
    },
    "node_modules/global": {
      "version": "4.4.0",
      "resolved": "https://registry.npmjs.org/global/-/global-4.4.0.tgz",
      "integrity": "sha512-wv/LAoHdRE3BeTGz53FAamhGlPLhlssK45usmGFThIi4XqnBmjKQ16u+RNbP7WvigRZDxUsM0J3gcQ5yicaL0w==",
      "license": "MIT",
      "dependencies": {
        "min-document": "^2.19.0",
        "process": "^0.11.10"
      }
    },
    "node_modules/min-document": {
      "version": "2.19.2",
      "resolved": "https://registry.npmjs.org/min-document/-/min-document-2.19.2.tgz",
      "integrity": "sha512-8S5I8db/uZN8r9HSLFVWPdJCvYOejMcEC82VIzNUc6Zkklf/d1gg2psfE79/vyhWOj4+J8MtwmoOz3TmvaGu5A==",
      "license": "MIT",
      "dependencies": {
        "dom-walk": "^0.1.0"
      }
    },
    "node_modules/process": {
      "version": "0.11.10",
      "resolved": "https://registry.npmjs.org/process/-/process-0.11.10.tgz",
      "integrity": "sha512-cdGef/drWFoydD1JsMzuFf8100nZl+GT+yacc2bEced5f9Rjk4z+WtFUTBu9PhOi9j/jfmBPu0mMEY4wIdAF8A==",
      "license": "MIT",
      "engines": {
        "node": ">= 0.6.0"
      }
    },
    "vendor/dool-logic": {
      "name": "@dool/logic",
      "version": "1.0.0",
      "license": "MIT",
      "devDependencies": {}
    },
    "vendor/firtoska-cards": {
      "name": "@firtoska/cards",
      "version": "1.0.0",
      "license": "MIT",
      "dependencies": {
        "crypto-shuffle": "^1.0.1"
      },
      "devDependencies": {},
      "engines": {
        "node": ">=18.20.0"
      }
    },
    "vendor/firtoska-logic": {
      "name": "@firtoska/logic",
      "version": "1.0.0",
      "license": "MIT",
      "dependencies": {
        "bridge-scorer": "^2.4.0"
      },
      "devDependencies": {}
    }
  }
}
